// !$*UTF8*$!
{
	archiveVersion = 1;
	classes = {
	};
	objectVersion = 56;
	objects = {

/* Begin PBXBuildFile section */
		0736BF76ADA33BE20A4D9A9D /* WaitlistReviewView.swift in Sources */ = {isa = PBXBuildFile; fileRef = 9B2DDEC2AAEBD370630E4F29 /* WaitlistReviewView.swift */; };
		10E991095E985D1172E52277 /* ChatView.swift in Sources */ = {isa = PBXBuildFile; fileRef = 07687C86DB109F07166CEA1D /* ChatView.swift */; };
		1A0001 /* AppDelegate.swift in Sources */ = {isa = PBXBuildFile; fileRef = 2A0001 /* AppDelegate.swift */; };
		1A0002 /* SceneDelegate.swift in Sources */ = {isa = PBXBuildFile; fileRef = 2A0002 /* SceneDelegate.swift */; };
		1A0003 /* AppCoordinator.swift in Sources */ = {isa = PBXBuildFile; fileRef = 2A0003 /* AppCoordinator.swift */; };
		1A0004 /* Coordinator.swift in Sources */ = {isa = PBXBuildFile; fileRef = 2A0004 /* Coordinator.swift */; };
		1A0005 /* ActionableHostingViewController.swift in Sources */ = {isa = PBXBuildFile; fileRef = 2A0005 /* ActionableHostingViewController.swift */; };
		1A0006 /* View+Extensions.swift in Sources */ = {isa = PBXBuildFile; fileRef = 2A0006 /* View+Extensions.swift */; };
		1A0007 /* String+Extensions.swift in Sources */ = {isa = PBXBuildFile; fileRef = 2A0007 /* String+Extensions.swift */; };
		1A0008 /* Array+Extensions.swift in Sources */ = {isa = PBXBuildFile; fileRef = 2A0008 /* Array+Extensions.swift */; };
		1A0009 /* APIError.swift in Sources */ = {isa = PBXBuildFile; fileRef = 2A0009 /* APIError.swift */; };
		1A0013 /* ThirdPartyManager.swift in Sources */ = {isa = PBXBuildFile; fileRef = 2A0013 /* ThirdPartyManager.swift */; };
		1A0014 /* AuthManager.swift in Sources */ = {isa = PBXBuildFile; fileRef = 2A0014 /* AuthManager.swift */; };
		1A0015 /* UserManager.swift in Sources */ = {isa = PBXBuildFile; fileRef = 2A0015 /* UserManager.swift */; };
		1A0016 /* RemoteConfigManager.swift in Sources */ = {isa = PBXBuildFile; fileRef = 2A0016 /* RemoteConfigManager.swift */; };
		1A0017 /* KeychainHelper.swift in Sources */ = {isa = PBXBuildFile; fileRef = 2A0017 /* KeychainHelper.swift */; };
		1A0018 /* ForceUpdateManager.swift in Sources */ = {isa = PBXBuildFile; fileRef = 2A0018 /* ForceUpdateManager.swift */; };
		1A0019 /* SplashCoordinator.swift in Sources */ = {isa = PBXBuildFile; fileRef = 2A0019 /* SplashCoordinator.swift */; };
		1A0020 /* SplashView.swift in Sources */ = {isa = PBXBuildFile; fileRef = 2A0020 /* SplashView.swift */; };
		1A0021 /* SplashViewModel.swift in Sources */ = {isa = PBXBuildFile; fileRef = 2A0021 /* SplashViewModel.swift */; };
		1A0022 /* SplashModuleBuilder.swift in Sources */ = {isa = PBXBuildFile; fileRef = 2A0022 /* SplashModuleBuilder.swift */; };
		1A0023 /* Setup.swift in Sources */ = {isa = PBXBuildFile; fileRef = 2A0023 /* Setup.swift */; };
		1A0024 /* PrimaryButton.swift in Sources */ = {isa = PBXBuildFile; fileRef = 2A0024 /* PrimaryButton.swift */; };
		1A0025 /* LoadingView.swift in Sources */ = {isa = PBXBuildFile; fileRef = 2A0025 /* LoadingView.swift */; };
		1A0026 /* FirebaseManager.swift in Sources */ = {isa = PBXBuildFile; fileRef = 2A0026 /* FirebaseManager.swift */; };
		1A0028 /* Assets.xcassets in Resources */ = {isa = PBXBuildFile; fileRef = 2A0028 /* Assets.xcassets */; };
		1A0029 /* LaunchScreen.storyboard in Resources */ = {isa = PBXBuildFile; fileRef = 2A0029 /* LaunchScreen.storyboard */; };
		1A0031 /* FirebaseAuth in Frameworks */ = {isa = PBXBuildFile; productRef = 7A0001 /* FirebaseAuth */; };
		1A0032 /* FirebaseFirestore in Frameworks */ = {isa = PBXBuildFile; productRef = 7A0002 /* FirebaseFirestore */; };
		1A0033 /* FirebaseFunctions in Frameworks */ = {isa = PBXBuildFile; productRef = 7A0003 /* FirebaseFunctions */; };
		1A0034 /* FirebaseRemoteConfig in Frameworks */ = {isa = PBXBuildFile; productRef = 7A0004 /* FirebaseRemoteConfig */; };
		1A0035 /* FirebaseAnalytics in Frameworks */ = {isa = PBXBuildFile; productRef = 7A0005 /* FirebaseAnalytics */; };
		1A0036 /* GoogleSignIn in Frameworks */ = {isa = PBXBuildFile; productRef = 7A0006 /* GoogleSignIn */; };
		1A0037 /* GoogleSignInSwift in Frameworks */ = {isa = PBXBuildFile; productRef = 7A0007 /* GoogleSignInSwift */; };
		1A0040 /* SignInManager.swift in Sources */ = {isa = PBXBuildFile; fileRef = 2A0040 /* SignInManager.swift */; };
		1A0041 /* SignInCoordinator.swift in Sources */ = {isa = PBXBuildFile; fileRef = 2A0041 /* SignInCoordinator.swift */; };
		1A0042 /* SignInView.swift in Sources */ = {isa = PBXBuildFile; fileRef = 2A0042 /* SignInView.swift */; };
		1A0043 /* SignInViewModel.swift in Sources */ = {isa = PBXBuildFile; fileRef = 2A0043 /* SignInViewModel.swift */; };
		1A0044 /* SignInModuleBuilder.swift in Sources */ = {isa = PBXBuildFile; fileRef = 2A0044 /* SignInModuleBuilder.swift */; };
		1A0050 /* TabbarCoordinator.swift in Sources */ = {isa = PBXBuildFile; fileRef = 2A0050 /* TabbarCoordinator.swift */; };
		1A0051 /* GlassTabBarView.swift in Sources */ = {isa = PBXBuildFile; fileRef = 2A0051 /* GlassTabBarView.swift */; };
		1A0052 /* HomeCoordinator.swift in Sources */ = {isa = PBXBuildFile; fileRef = 2A0052 /* HomeCoordinator.swift */; };
		1A0053 /* HomeView.swift in Sources */ = {isa = PBXBuildFile; fileRef = 2A0053 /* HomeView.swift */; };
		1A0054 /* HomeViewModel.swift in Sources */ = {isa = PBXBuildFile; fileRef = 2A0054 /* HomeViewModel.swift */; };
		1A0055 /* HomeModuleBuilder.swift in Sources */ = {isa = PBXBuildFile; fileRef = 2A0055 /* HomeModuleBuilder.swift */; };
		1A0056 /* ExploreCoordinator.swift in Sources */ = {isa = PBXBuildFile; fileRef = 2A0056 /* ExploreCoordinator.swift */; };
		1A0057 /* ExploreView.swift in Sources */ = {isa = PBXBuildFile; fileRef = 2A0057 /* ExploreView.swift */; };
		1A0058 /* ExploreViewModel.swift in Sources */ = {isa = PBXBuildFile; fileRef = 2A0058 /* ExploreViewModel.swift */; };
		1A0059 /* ExploreModuleBuilder.swift in Sources */ = {isa = PBXBuildFile; fileRef = 2A0059 /* ExploreModuleBuilder.swift */; };
		1A0060 /* ProfileCoordinator.swift in Sources */ = {isa = PBXBuildFile; fileRef = 2A0060 /* ProfileCoordinator.swift */; };
		1A0061 /* ProfileView.swift in Sources */ = {isa = PBXBuildFile; fileRef = 2A0061 /* ProfileView.swift */; };
		1A0062 /* ProfileViewModel.swift in Sources */ = {isa = PBXBuildFile; fileRef = 2A0062 /* ProfileViewModel.swift */; };
		1A0063 /* ProfileModuleBuilder.swift in Sources */ = {isa = PBXBuildFile; fileRef = 2A0063 /* ProfileModuleBuilder.swift */; };
		1A0070 /* AccessInfo.swift in Sources */ = {isa = PBXBuildFile; fileRef = 2A0070 /* AccessInfo.swift */; };
		1A0071 /* UserProfile.swift in Sources */ = {isa = PBXBuildFile; fileRef = 2A0071 /* UserProfile.swift */; };
		1A0072 /* TrustInfo.swift in Sources */ = {isa = PBXBuildFile; fileRef = 2A0072 /* TrustInfo.swift */; };
		1A0080 /* OnboardingCoordinator.swift in Sources */ = {isa = PBXBuildFile; fileRef = 2A0080 /* OnboardingCoordinator.swift */; };
		1A0081 /* OnboardingView.swift in Sources */ = {isa = PBXBuildFile; fileRef = 2A0081 /* OnboardingView.swift */; };
		1A0082 /* OnboardingViewModel.swift in Sources */ = {isa = PBXBuildFile; fileRef = 2A0082 /* OnboardingViewModel.swift */; };
		1A0083 /* OnboardingModuleBuilder.swift in Sources */ = {isa = PBXBuildFile; fileRef = 2A0083 /* OnboardingModuleBuilder.swift */; };
		1A0090 /* WaitlistCoordinator.swift in Sources */ = {isa = PBXBuildFile; fileRef = 2A0090 /* WaitlistCoordinator.swift */; };
		1A0091 /* WaitlistView.swift in Sources */ = {isa = PBXBuildFile; fileRef = 2A0091 /* WaitlistView.swift */; };
		1A0092 /* WaitlistViewModel.swift in Sources */ = {isa = PBXBuildFile; fileRef = 2A0092 /* WaitlistViewModel.swift */; };
		1A0093 /* WaitlistModuleBuilder.swift in Sources */ = {isa = PBXBuildFile; fileRef = 2A0093 /* WaitlistModuleBuilder.swift */; };
		24CA33E7224EBFC0054CAF59 /* WaitlistReviewViewModel.swift in Sources */ = {isa = PBXBuildFile; fileRef = 696FB08537E4DF3266C95A89 /* WaitlistReviewViewModel.swift */; };
		3B09A9A88267D09831AED448 /* ChatListView.swift in Sources */ = {isa = PBXBuildFile; fileRef = 0BE3B232B0B78B0ED385E8CA /* ChatListView.swift */; };
		411A01602F323BF700A9EDA6 /* Kingfisher in Frameworks */ = {isa = PBXBuildFile; productRef = 99496712EC816571A558DC47 /* Kingfisher */; };
		411A01622F323EFA00A9EDA6 /* AppTheme.swift in Sources */ = {isa = PBXBuildFile; fileRef = 411A01612F323EFA00A9EDA6 /* AppTheme.swift */; };
		412445422F33CBEA00488119 /* BuilderModels.swift in Sources */ = {isa = PBXBuildFile; fileRef = 412445412F33CBEA00488119 /* BuilderModels.swift */; };
		4191BB6B2F2B86B00043335E /* GoogleService-Info.plist in Resources */ = {isa = PBXBuildFile; fileRef = 4191BB6A2F2B86440043335E /* GoogleService-Info.plist */; };
		6693AC733BE3D2AF573EFC8E /* InviteCodeView.swift in Sources */ = {isa = PBXBuildFile; fileRef = DFDE90C3A9634D38C22F4064 /* InviteCodeView.swift */; };
		829CFD7DCFDD8B8B3D48D13A /* InviteCodeCoordinator.swift in Sources */ = {isa = PBXBuildFile; fileRef = 0C9F4D7515E1744520C4AE6E /* InviteCodeCoordinator.swift */; };
		8AA5F3BD4FACDE77C5A607D3 /* InviteCodeModuleBuilder.swift in Sources */ = {isa = PBXBuildFile; fileRef = 9EA353BD197D9EA8099D7479 /* InviteCodeModuleBuilder.swift */; };
		A89FB059FFBC4126C4D1A15E /* UserProfileView.swift in Sources */ = {isa = PBXBuildFile; fileRef = 304E8EAD955DE461AB4F6BD5 /* UserProfileView.swift */; };
		B1A95CDF017CD31C67C2991B /* ChatModels.swift in Sources */ = {isa = PBXBuildFile; fileRef = 3D06139C3B1AC0A84BC7715F /* ChatModels.swift */; };
		B8D228EF267DFC068CE00A60 /* ChatViewModel.swift in Sources */ = {isa = PBXBuildFile; fileRef = 7ED03D905E3B4E08BD0A6DFD /* ChatViewModel.swift */; };
		D07A3F7F272604F2E98E4324 /* ChatListViewModel.swift in Sources */ = {isa = PBXBuildFile; fileRef = 3711F9E5803D07BC66758943 /* ChatListViewModel.swift */; };
		D43C4483E0F9F65FA1E86C72 /* CachedAsyncImage.swift in Sources */ = {isa = PBXBuildFile; fileRef = CD48230371496DA459F1550C /* CachedAsyncImage.swift */; };
		E1A00001 /* EventModels.swift in Sources */ = {isa = PBXBuildFile; fileRef = E2A00001 /* EventModels.swift */; };
		E1A00002 /* EventsListView.swift in Sources */ = {isa = PBXBuildFile; fileRef = E2A00002 /* EventsListView.swift */; };
		E1A00003 /* EventsListViewModel.swift in Sources */ = {isa = PBXBuildFile; fileRef = E2A00003 /* EventsListViewModel.swift */; };
		E1A00004 /* EventDetailView.swift in Sources */ = {isa = PBXBuildFile; fileRef = E2A00004 /* EventDetailView.swift */; };
		E1A00005 /* EventDetailViewModel.swift in Sources */ = {isa = PBXBuildFile; fileRef = E2A00005 /* EventDetailViewModel.swift */; };
		E1A00006 /* EventsCoordinator.swift in Sources */ = {isa = PBXBuildFile; fileRef = E2A00006 /* EventsCoordinator.swift */; };
		E1A00007 /* EventsModuleBuilder.swift in Sources */ = {isa = PBXBuildFile; fileRef = E2A00007 /* EventsModuleBuilder.swift */; };
		E1A00008 /* CreateEventView.swift in Sources */ = {isa = PBXBuildFile; fileRef = E2A00008 /* CreateEventView.swift */; };
		E1A00009 /* CreateEventViewModel.swift in Sources */ = {isa = PBXBuildFile; fileRef = E2A00009 /* CreateEventViewModel.swift */; };
		E1A00010 /* EventChatView.swift in Sources */ = {isa = PBXBuildFile; fileRef = E2A00010 /* EventChatView.swift */; };
		F9C940CBA577E6417A0945E8 /* InviteCodeViewModel.swift in Sources */ = {isa = PBXBuildFile; fileRef = D893127945C1A9579A974067 /* InviteCodeViewModel.swift */; };
		FB1BB1CB8888340E7FD44F3A /* UserProfileViewModel.swift in Sources */ = {isa = PBXBuildFile; fileRef = B79308773994CEA07B3DBC8F /* UserProfileViewModel.swift */; };
/* End PBXBuildFile section */

/* Begin PBXFileReference section */
		07687C86DB109F07166CEA1D /* ChatView.swift */ = {isa = PBXFileReference; includeInIndex = 1; lastKnownFileType = sourcecode.swift; path = ChatView.swift; sourceTree = "<group>"; };
		0BE3B232B0B78B0ED385E8CA /* ChatListView.swift */ = {isa = PBXFileReference; includeInIndex = 1; lastKnownFileType = sourcecode.swift; path = ChatListView.swift; sourceTree = "<group>"; };
		0C9F4D7515E1744520C4AE6E /* InviteCodeCoordinator.swift */ = {isa = PBXFileReference; includeInIndex = 1; lastKnownFileType = sourcecode.swift; path = InviteCodeCoordinator.swift; sourceTree = "<group>"; };
		2A0000 /* vans.app */ = {isa = PBXFileReference; explicitFileType = wrapper.application; includeInIndex = 0; path = vans.app; sourceTree = BUILT_PRODUCTS_DIR; };
		2A0001 /* AppDelegate.swift */ = {isa = PBXFileReference; lastKnownFileType = sourcecode.swift; path = AppDelegate.swift; sourceTree = "<group>"; };
		2A0002 /* SceneDelegate.swift */ = {isa = PBXFileReference; lastKnownFileType = sourcecode.swift; path = SceneDelegate.swift; sourceTree = "<group>"; };
		2A0003 /* AppCoordinator.swift */ = {isa = PBXFileReference; lastKnownFileType = sourcecode.swift; path = AppCoordinator.swift; sourceTree = "<group>"; };
		2A0004 /* Coordinator.swift */ = {isa = PBXFileReference; lastKnownFileType = sourcecode.swift; path = Coordinator.swift; sourceTree = "<group>"; };
		2A0005 /* ActionableHostingViewController.swift */ = {isa = PBXFileReference; lastKnownFileType = sourcecode.swift; path = ActionableHostingViewController.swift; sourceTree = "<group>"; };
		2A0006 /* View+Extensions.swift */ = {isa = PBXFileReference; lastKnownFileType = sourcecode.swift; path = "View+Extensions.swift"; sourceTree = "<group>"; };
		2A0007 /* String+Extensions.swift */ = {isa = PBXFileReference; lastKnownFileType = sourcecode.swift; path = "String+Extensions.swift"; sourceTree = "<group>"; };
		2A0008 /* Array+Extensions.swift */ = {isa = PBXFileReference; lastKnownFileType = sourcecode.swift; path = "Array+Extensions.swift"; sourceTree = "<group>"; };
		2A0009 /* APIError.swift */ = {isa = PBXFileReference; lastKnownFileType = sourcecode.swift; path = APIError.swift; sourceTree = "<group>"; };
		2A0013 /* ThirdPartyManager.swift */ = {isa = PBXFileReference; lastKnownFileType = sourcecode.swift; path = ThirdPartyManager.swift; sourceTree = "<group>"; };
		2A0014 /* AuthManager.swift */ = {isa = PBXFileReference; lastKnownFileType = sourcecode.swift; path = AuthManager.swift; sourceTree = "<group>"; };
		2A0015 /* UserManager.swift */ = {isa = PBXFileReference; lastKnownFileType = sourcecode.swift; path = UserManager.swift; sourceTree = "<group>"; };
		2A0016 /* RemoteConfigManager.swift */ = {isa = PBXFileReference; lastKnownFileType = sourcecode.swift; path = RemoteConfigManager.swift; sourceTree = "<group>"; };
		2A0017 /* KeychainHelper.swift */ = {isa = PBXFileReference; lastKnownFileType = sourcecode.swift; path = KeychainHelper.swift; sourceTree = "<group>"; };
		2A0018 /* ForceUpdateManager.swift */ = {isa = PBXFileReference; lastKnownFileType = sourcecode.swift; path = ForceUpdateManager.swift; sourceTree = "<group>"; };
		2A0019 /* SplashCoordinator.swift */ = {isa = PBXFileReference; lastKnownFileType = sourcecode.swift; path = SplashCoordinator.swift; sourceTree = "<group>"; };
		2A0020 /* SplashView.swift */ = {isa = PBXFileReference; lastKnownFileType = sourcecode.swift; path = SplashView.swift; sourceTree = "<group>"; };
		2A0021 /* SplashViewModel.swift */ = {isa = PBXFileReference; lastKnownFileType = sourcecode.swift; path = SplashViewModel.swift; sourceTree = "<group>"; };
		2A0022 /* SplashModuleBuilder.swift */ = {isa = PBXFileReference; lastKnownFileType = sourcecode.swift; path = SplashModuleBuilder.swift; sourceTree = "<group>"; };
		2A0023 /* Setup.swift */ = {isa = PBXFileReference; lastKnownFileType = sourcecode.swift; path = Setup.swift; sourceTree = "<group>"; };
		2A0024 /* PrimaryButton.swift */ = {isa = PBXFileReference; lastKnownFileType = sourcecode.swift; path = PrimaryButton.swift; sourceTree = "<group>"; };
		2A0025 /* LoadingView.swift */ = {isa = PBXFileReference; lastKnownFileType = sourcecode.swift; path = LoadingView.swift; sourceTree = "<group>"; };
		2A0026 /* FirebaseManager.swift */ = {isa = PBXFileReference; lastKnownFileType = sourcecode.swift; path = FirebaseManager.swift; sourceTree = "<group>"; };
		2A0028 /* Assets.xcassets */ = {isa = PBXFileReference; lastKnownFileType = folder.assetcatalog; path = Assets.xcassets; sourceTree = "<group>"; };
		2A0029 /* LaunchScreen.storyboard */ = {isa = PBXFileReference; lastKnownFileType = file.storyboard; name = LaunchScreen.storyboard; path = Base.lproj/LaunchScreen.storyboard; sourceTree = "<group>"; };
		2A0030 /* Info.plist */ = {isa = PBXFileReference; lastKnownFileType = text.plist.xml; path = Info.plist; sourceTree = "<group>"; };
		2A0040 /* SignInManager.swift */ = {isa = PBXFileReference; lastKnownFileType = sourcecode.swift; path = SignInManager.swift; sourceTree = "<group>"; };
		2A0041 /* SignInCoordinator.swift */ = {isa = PBXFileReference; lastKnownFileType = sourcecode.swift; path = SignInCoordinator.swift; sourceTree = "<group>"; };
		2A0042 /* SignInView.swift */ = {isa = PBXFileReference; lastKnownFileType = sourcecode.swift; path = SignInView.swift; sourceTree = "<group>"; };
		2A0043 /* SignInViewModel.swift */ = {isa = PBXFileReference; lastKnownFileType = sourcecode.swift; path = SignInViewModel.swift; sourceTree = "<group>"; };
		2A0044 /* SignInModuleBuilder.swift */ = {isa = PBXFileReference; lastKnownFileType = sourcecode.swift; path = SignInModuleBuilder.swift; sourceTree = "<group>"; };
		2A0050 /* TabbarCoordinator.swift */ = {isa = PBXFileReference; lastKnownFileType = sourcecode.swift; path = TabbarCoordinator.swift; sourceTree = "<group>"; };
		2A0051 /* GlassTabBarView.swift */ = {isa = PBXFileReference; lastKnownFileType = sourcecode.swift; path = GlassTabBarView.swift; sourceTree = "<group>"; };
		2A0052 /* HomeCoordinator.swift */ = {isa = PBXFileReference; lastKnownFileType = sourcecode.swift; path = HomeCoordinator.swift; sourceTree = "<group>"; };
		2A0053 /* HomeView.swift */ = {isa = PBXFileReference; lastKnownFileType = sourcecode.swift; path = HomeView.swift; sourceTree = "<group>"; };
		2A0054 /* HomeViewModel.swift */ = {isa = PBXFileReference; lastKnownFileType = sourcecode.swift; path = HomeViewModel.swift; sourceTree = "<group>"; };
		2A0055 /* HomeModuleBuilder.swift */ = {isa = PBXFileReference; lastKnownFileType = sourcecode.swift; path = HomeModuleBuilder.swift; sourceTree = "<group>"; };
		2A0056 /* ExploreCoordinator.swift */ = {isa = PBXFileReference; lastKnownFileType = sourcecode.swift; path = ExploreCoordinator.swift; sourceTree = "<group>"; };
		2A0057 /* ExploreView.swift */ = {isa = PBXFileReference; lastKnownFileType = sourcecode.swift; path = ExploreView.swift; sourceTree = "<group>"; };
		2A0058 /* ExploreViewModel.swift */ = {isa = PBXFileReference; lastKnownFileType = sourcecode.swift; path = ExploreViewModel.swift; sourceTree = "<group>"; };
		2A0059 /* ExploreModuleBuilder.swift */ = {isa = PBXFileReference; lastKnownFileType = sourcecode.swift; path = ExploreModuleBuilder.swift; sourceTree = "<group>"; };
		2A0060 /* ProfileCoordinator.swift */ = {isa = PBXFileReference; lastKnownFileType = sourcecode.swift; path = ProfileCoordinator.swift; sourceTree = "<group>"; };
		2A0061 /* ProfileView.swift */ = {isa = PBXFileReference; lastKnownFileType = sourcecode.swift; path = ProfileView.swift; sourceTree = "<group>"; };
		2A0062 /* ProfileViewModel.swift */ = {isa = PBXFileReference; lastKnownFileType = sourcecode.swift; path = ProfileViewModel.swift; sourceTree = "<group>"; };
		2A0063 /* ProfileModuleBuilder.swift */ = {isa = PBXFileReference; lastKnownFileType = sourcecode.swift; path = ProfileModuleBuilder.swift; sourceTree = "<group>"; };
		2A0070 /* AccessInfo.swift */ = {isa = PBXFileReference; lastKnownFileType = sourcecode.swift; path = AccessInfo.swift; sourceTree = "<group>"; };
		2A0071 /* UserProfile.swift */ = {isa = PBXFileReference; lastKnownFileType = sourcecode.swift; path = UserProfile.swift; sourceTree = "<group>"; };
		2A0072 /* TrustInfo.swift */ = {isa = PBXFileReference; lastKnownFileType = sourcecode.swift; path = TrustInfo.swift; sourceTree = "<group>"; };
		2A0080 /* OnboardingCoordinator.swift */ = {isa = PBXFileReference; lastKnownFileType = sourcecode.swift; path = OnboardingCoordinator.swift; sourceTree = "<group>"; };
		2A0081 /* OnboardingView.swift */ = {isa = PBXFileReference; lastKnownFileType = sourcecode.swift; path = OnboardingView.swift; sourceTree = "<group>"; };
		2A0082 /* OnboardingViewModel.swift */ = {isa = PBXFileReference; lastKnownFileType = sourcecode.swift; path = OnboardingViewModel.swift; sourceTree = "<group>"; };
		2A0083 /* OnboardingModuleBuilder.swift */ = {isa = PBXFileReference; lastKnownFileType = sourcecode.swift; path = OnboardingModuleBuilder.swift; sourceTree = "<group>"; };
		2A0090 /* WaitlistCoordinator.swift */ = {isa = PBXFileReference; lastKnownFileType = sourcecode.swift; path = WaitlistCoordinator.swift; sourceTree = "<group>"; };
		2A0091 /* WaitlistView.swift */ = {isa = PBXFileReference; lastKnownFileType = sourcecode.swift; path = WaitlistView.swift; sourceTree = "<group>"; };
		2A0092 /* WaitlistViewModel.swift */ = {isa = PBXFileReference; lastKnownFileType = sourcecode.swift; path = WaitlistViewModel.swift; sourceTree = "<group>"; };
		2A0093 /* WaitlistModuleBuilder.swift */ = {isa = PBXFileReference; lastKnownFileType = sourcecode.swift; path = WaitlistModuleBuilder.swift; sourceTree = "<group>"; };
		304E8EAD955DE461AB4F6BD5 /* UserProfileView.swift */ = {isa = PBXFileReference; includeInIndex = 1; lastKnownFileType = sourcecode.swift; path = UserProfileView.swift; sourceTree = "<group>"; };
		3711F9E5803D07BC66758943 /* ChatListViewModel.swift */ = {isa = PBXFileReference; includeInIndex = 1; lastKnownFileType = sourcecode.swift; path = ChatListViewModel.swift; sourceTree = "<group>"; };
		3D06139C3B1AC0A84BC7715F /* ChatModels.swift */ = {isa = PBXFileReference; includeInIndex = 1; lastKnownFileType = sourcecode.swift; path = ChatModels.swift; sourceTree = "<group>"; };
		411A01612F323EFA00A9EDA6 /* AppTheme.swift */ = {isa = PBXFileReference; lastKnownFileType = sourcecode.swift; path = AppTheme.swift; sourceTree = "<group>"; tabWidth = 5; };
		412445412F33CBEA00488119 /* BuilderModels.swift */ = {isa = PBXFileReference; lastKnownFileType = sourcecode.swift; path = BuilderModels.swift; sourceTree = "<group>"; };
		4191BB672F2B7D970043335E /* vans.entitlements */ = {isa = PBXFileReference; lastKnownFileType = text.plist.entitlements; path = vans.entitlements; sourceTree = "<group>"; };
		4191BB6A2F2B86440043335E /* GoogleService-Info.plist */ = {isa = PBXFileReference; lastKnownFileType = text.plist.xml; path = "GoogleService-Info.plist"; sourceTree = "<group>"; };
		696FB08537E4DF3266C95A89 /* WaitlistReviewViewModel.swift */ = {isa = PBXFileReference; includeInIndex = 1; lastKnownFileType = sourcecode.swift; path = WaitlistReviewViewModel.swift; sourceTree = "<group>"; };
		7ED03D905E3B4E08BD0A6DFD /* ChatViewModel.swift */ = {isa = PBXFileReference; includeInIndex = 1; lastKnownFileType = sourcecode.swift; path = ChatViewModel.swift; sourceTree = "<group>"; };
		9B2DDEC2AAEBD370630E4F29 /* WaitlistReviewView.swift */ = {isa = PBXFileReference; includeInIndex = 1; lastKnownFileType = sourcecode.swift; path = WaitlistReviewView.swift; sourceTree = "<group>"; };
		9EA353BD197D9EA8099D7479 /* InviteCodeModuleBuilder.swift */ = {isa = PBXFileReference; includeInIndex = 1; lastKnownFileType = sourcecode.swift; path = InviteCodeModuleBuilder.swift; sourceTree = "<group>"; };
		B79308773994CEA07B3DBC8F /* UserProfileViewModel.swift */ = {isa = PBXFileReference; includeInIndex = 1; lastKnownFileType = sourcecode.swift; path = UserProfileViewModel.swift; sourceTree = "<group>"; };
		CD48230371496DA459F1550C /* CachedAsyncImage.swift */ = {isa = PBXFileReference; includeInIndex = 1; lastKnownFileType = sourcecode.swift; path = CachedAsyncImage.swift; sourceTree = "<group>"; };
		D893127945C1A9579A974067 /* InviteCodeViewModel.swift */ = {isa = PBXFileReference; includeInIndex = 1; lastKnownFileType = sourcecode.swift; path = InviteCodeViewModel.swift; sourceTree = "<group>"; };
		DFDE90C3A9634D38C22F4064 /* InviteCodeView.swift */ = {isa = PBXFileReference; includeInIndex = 1; lastKnownFileType = sourcecode.swift; path = InviteCodeView.swift; sourceTree = "<group>"; };
		E2A00001 /* EventModels.swift */ = {isa = PBXFileReference; includeInIndex = 1; lastKnownFileType = sourcecode.swift; path = EventModels.swift; sourceTree = "<group>"; };
		E2A00002 /* EventsListView.swift */ = {isa = PBXFileReference; includeInIndex = 1; lastKnownFileType = sourcecode.swift; path = EventsListView.swift; sourceTree = "<group>"; };
		E2A00003 /* EventsListViewModel.swift */ = {isa = PBXFileReference; includeInIndex = 1; lastKnownFileType = sourcecode.swift; path = EventsListViewModel.swift; sourceTree = "<group>"; };
		E2A00004 /* EventDetailView.swift */ = {isa = PBXFileReference; includeInIndex = 1; lastKnownFileType = sourcecode.swift; path = EventDetailView.swift; sourceTree = "<group>"; };
		E2A00005 /* EventDetailViewModel.swift */ = {isa = PBXFileReference; includeInIndex = 1; lastKnownFileType = sourcecode.swift; path = EventDetailViewModel.swift; sourceTree = "<group>"; };
		E2A00006 /* EventsCoordinator.swift */ = {isa = PBXFileReference; includeInIndex = 1; lastKnownFileType = sourcecode.swift; path = EventsCoordinator.swift; sourceTree = "<group>"; };
		E2A00007 /* EventsModuleBuilder.swift */ = {isa = PBXFileReference; includeInIndex = 1; lastKnownFileType = sourcecode.swift; path = EventsModuleBuilder.swift; sourceTree = "<group>"; };
		E2A00008 /* CreateEventView.swift */ = {isa = PBXFileReference; includeInIndex = 1; lastKnownFileType = sourcecode.swift; path = CreateEventView.swift; sourceTree = "<group>"; };
		E2A00009 /* CreateEventViewModel.swift */ = {isa = PBXFileReference; includeInIndex = 1; lastKnownFileType = sourcecode.swift; path = CreateEventViewModel.swift; sourceTree = "<group>"; };
		E2A00010 /* EventChatView.swift */ = {isa = PBXFileReference; includeInIndex = 1; lastKnownFileType = sourcecode.swift; path = EventChatView.swift; sourceTree = "<group>"; };
/* End PBXFileReference section */

/* Begin PBXFrameworksBuildPhase section */
		3A0001 /* Frameworks */ = {
			isa = PBXFrameworksBuildPhase;
			buildActionMask = 2147483647;
			files = (
				411A01602F323BF700A9EDA6 /* Kingfisher in Frameworks */,
				1A0031 /* FirebaseAuth in Frameworks */,
				1A0032 /* FirebaseFirestore in Frameworks */,
				1A0033 /* FirebaseFunctions in Frameworks */,
				1A0034 /* FirebaseRemoteConfig in Frameworks */,
				1A0035 /* FirebaseAnalytics in Frameworks */,
				1A0036 /* GoogleSignIn in Frameworks */,
				1A0037 /* GoogleSignInSwift in Frameworks */,
			);
			runOnlyForDeploymentPostprocessing = 0;
		};
/* End PBXFrameworksBuildPhase section */

/* Begin PBXGroup section */
		31E4B75DB2E06EE0B8090209 /* InviteCode */ = {
			isa = PBXGroup;
			children = (
				0C9F4D7515E1744520C4AE6E /* InviteCodeCoordinator.swift */,
				DFDE90C3A9634D38C22F4064 /* InviteCodeView.swift */,
				D893127945C1A9579A974067 /* InviteCodeViewModel.swift */,
				9EA353BD197D9EA8099D7479 /* InviteCodeModuleBuilder.swift */,
			);
			path = InviteCode;
			sourceTree = "<group>";
		};
		4A0000 = {
			isa = PBXGroup;
			children = (
				4A0001 /* vans */,
				4A0099 /* Products */,
			);
			sourceTree = "<group>";
		};
		4A0001 /* vans */ = {
			isa = PBXGroup;
			children = (
				4191BB672F2B7D970043335E /* vans.entitlements */,
				2A0001 /* AppDelegate.swift */,
				2A0002 /* SceneDelegate.swift */,
				2A0003 /* AppCoordinator.swift */,
				4A0002 /* Application */,
				4A0003 /* Infrastructure */,
				4A0004 /* API */,
				4A0009 /* Models */,
				4A0005 /* Managers */,
				4A0006 /* Modules */,
				4A0008 /* Views */,
				2A0028 /* Assets.xcassets */,
				2A0029 /* LaunchScreen.storyboard */,
				2A0030 /* Info.plist */,
				4191BB6A2F2B86440043335E /* GoogleService-Info.plist */,
			);
			path = vans;
			sourceTree = "<group>";
		};
		4A0002 /* Application */ = {
			isa = PBXGroup;
			children = (
				2A0023 /* Setup.swift */,
			);
			path = Application;
			sourceTree = "<group>";
		};
		4A0003 /* Infrastructure */ = {
			isa = PBXGroup;
			children = (
				2A0004 /* Coordinator.swift */,
				2A0005 /* ActionableHostingViewController.swift */,
				4A0007 /* Extensions */,
			);
			path = Infrastructure;
			sourceTree = "<group>";
		};
		4A0004 /* API */ = {
			isa = PBXGroup;
			children = (
				2A0009 /* APIError.swift */,
			);
			path = API;
			sourceTree = "<group>";
		};
		4A0005 /* Managers */ = {
			isa = PBXGroup;
			children = (
				2A0026 /* FirebaseManager.swift */,
				2A0013 /* ThirdPartyManager.swift */,
				2A0014 /* AuthManager.swift */,
				2A0040 /* SignInManager.swift */,
				2A0015 /* UserManager.swift */,
				2A0016 /* RemoteConfigManager.swift */,
				2A0017 /* KeychainHelper.swift */,
				2A0018 /* ForceUpdateManager.swift */,
			);
			path = Managers;
			sourceTree = "<group>";
		};
		4A0006 /* Modules */ = {
			isa = PBXGroup;
			children = (
				4A0010 /* Splash */,
				4A0012 /* SignIn */,
				4A0017 /* Onboarding */,
				4A0018 /* Waitlist */,
				4A0013 /* Tabbar */,
				4A0014 /* Home */,
				4A0015 /* Explore */,
				E3A00001 /* Events */,
				4A0016 /* Profile */,
				31E4B75DB2E06EE0B8090209 /* InviteCode */,
				BD0B9C7A188C40EC8F0095C3 /* Chat */,
			);
			path = Modules;
			sourceTree = "<group>";
		};
		4A0007 /* Extensions */ = {
			isa = PBXGroup;
			children = (
				2A0006 /* View+Extensions.swift */,
				2A0007 /* String+Extensions.swift */,
				2A0008 /* Array+Extensions.swift */,
			);
			path = Extensions;
			sourceTree = "<group>";
		};
		4A0008 /* Views */ = {
			isa = PBXGroup;
			children = (
				411A01612F323EFA00A9EDA6 /* AppTheme.swift */,
				4A0011 /* Components */,
			);
			path = Views;
			sourceTree = "<group>";
		};
		4A0009 /* Models */ = {
			isa = PBXGroup;
			children = (
				412445412F33CBEA00488119 /* BuilderModels.swift */,
				2A0070 /* AccessInfo.swift */,
				2A0071 /* UserProfile.swift */,
				2A0072 /* TrustInfo.swift */,
			);
			path = Models;
			sourceTree = "<group>";
		};
		4A0010 /* Splash */ = {
			isa = PBXGroup;
			children = (
				2A0019 /* SplashCoordinator.swift */,
				2A0020 /* SplashView.swift */,
				2A0021 /* SplashViewModel.swift */,
				2A0022 /* SplashModuleBuilder.swift */,
			);
			path = Splash;
			sourceTree = "<group>";
		};
		4A0011 /* Components */ = {
			isa = PBXGroup;
			children = (
				2A0024 /* PrimaryButton.swift */,
				2A0025 /* LoadingView.swift */,
				CD48230371496DA459F1550C /* CachedAsyncImage.swift */,
			);
			path = Components;
			sourceTree = "<group>";
		};
		4A0012 /* SignIn */ = {
			isa = PBXGroup;
			children = (
				2A0041 /* SignInCoordinator.swift */,
				2A0042 /* SignInView.swift */,
				2A0043 /* SignInViewModel.swift */,
				2A0044 /* SignInModuleBuilder.swift */,
			);
			path = SignIn;
			sourceTree = "<group>";
		};
		4A0013 /* Tabbar */ = {
			isa = PBXGroup;
			children = (
				2A0050 /* TabbarCoordinator.swift */,
				2A0051 /* GlassTabBarView.swift */,
			);
			path = Tabbar;
			sourceTree = "<group>";
		};
		4A0014 /* Home */ = {
			isa = PBXGroup;
			children = (
				2A0052 /* HomeCoordinator.swift */,
				2A0053 /* HomeView.swift */,
				2A0054 /* HomeViewModel.swift */,
				2A0055 /* HomeModuleBuilder.swift */,
			);
			path = Home;
			sourceTree = "<group>";
		};
		4A0015 /* Explore */ = {
			isa = PBXGroup;
			children = (
				2A0056 /* ExploreCoordinator.swift */,
				2A0057 /* ExploreView.swift */,
				2A0058 /* ExploreViewModel.swift */,
				2A0059 /* ExploreModuleBuilder.swift */,
				304E8EAD955DE461AB4F6BD5 /* UserProfileView.swift */,
				B79308773994CEA07B3DBC8F /* UserProfileViewModel.swift */,
			);
			path = Explore;
			sourceTree = "<group>";
		};
		4A0016 /* Profile */ = {
			isa = PBXGroup;
			children = (
				2A0060 /* ProfileCoordinator.swift */,
				2A0061 /* ProfileView.swift */,
				2A0062 /* ProfileViewModel.swift */,
				2A0063 /* ProfileModuleBuilder.swift */,
				9B2DDEC2AAEBD370630E4F29 /* WaitlistReviewView.swift */,
				696FB08537E4DF3266C95A89 /* WaitlistReviewViewModel.swift */,
			);
			path = Profile;
			sourceTree = "<group>";
		};
		4A0017 /* Onboarding */ = {
			isa = PBXGroup;
			children = (
				2A0080 /* OnboardingCoordinator.swift */,
				2A0081 /* OnboardingView.swift */,
				2A0082 /* OnboardingViewModel.swift */,
				2A0083 /* OnboardingModuleBuilder.swift */,
			);
			path = Onboarding;
			sourceTree = "<group>";
		};
		4A0018 /* Waitlist */ = {
			isa = PBXGroup;
			children = (
				2A0090 /* WaitlistCoordinator.swift */,
				2A0091 /* WaitlistView.swift */,
				2A0092 /* WaitlistViewModel.swift */,
				2A0093 /* WaitlistModuleBuilder.swift */,
			);
			path = Waitlist;
			sourceTree = "<group>";
		};
		4A0099 /* Products */ = {
			isa = PBXGroup;
			children = (
				2A0000 /* vans.app */,
			);
			name = Products;
			sourceTree = "<group>";
		};
		BD0B9C7A188C40EC8F0095C3 /* Chat */ = {
			isa = PBXGroup;
			children = (
				3D06139C3B1AC0A84BC7715F /* ChatModels.swift */,
				0BE3B232B0B78B0ED385E8CA /* ChatListView.swift */,
				3711F9E5803D07BC66758943 /* ChatListViewModel.swift */,
				07687C86DB109F07166CEA1D /* ChatView.swift */,
				7ED03D905E3B4E08BD0A6DFD /* ChatViewModel.swift */,
			);
			path = Chat;
			sourceTree = "<group>";
		};
		E3A00001 /* Events */ = {
			isa = PBXGroup;
			children = (
				E2A00001 /* EventModels.swift */,
				E2A00002 /* EventsListView.swift */,
				E2A00003 /* EventsListViewModel.swift */,
				E2A00004 /* EventDetailView.swift */,
				E2A00005 /* EventDetailViewModel.swift */,
				E2A00006 /* EventsCoordinator.swift */,
				E2A00007 /* EventsModuleBuilder.swift */,
				E2A00008 /* CreateEventView.swift */,
				E2A00009 /* CreateEventViewModel.swift */,
				E2A00010 /* EventChatView.swift */,
			);
			path = Events;
			sourceTree = "<group>";
		};
/* End PBXGroup section */

/* Begin PBXNativeTarget section */
		5A0001 /* vans */ = {
			isa = PBXNativeTarget;
			buildConfigurationList = 6A0003 /* Build configuration list for PBXNativeTarget "vans" */;
			buildPhases = (
				5A0002 /* Sources */,
				3A0001 /* Frameworks */,
				5A0003 /* Resources */,
			);
			buildRules = (
			);
			dependencies = (
			);
			name = vans;
			packageProductDependencies = (
				7A0001 /* FirebaseAuth */,
				7A0002 /* FirebaseFirestore */,
				7A0003 /* FirebaseFunctions */,
				7A0004 /* FirebaseRemoteConfig */,
				7A0005 /* FirebaseAnalytics */,
				7A0006 /* GoogleSignIn */,
				7A0007 /* GoogleSignInSwift */,
				99496712EC816571A558DC47 /* Kingfisher */,
			);
			productName = vans;
			productReference = 2A0000 /* vans.app */;
			productType = "com.apple.product-type.application";
		};
/* End PBXNativeTarget section */

/* Begin PBXProject section */
		4A0100 /* Project object */ = {
			isa = PBXProject;
			attributes = {
				BuildIndependentTargetsInParallel = 1;
				LastSwiftUpdateCheck = 1500;
				LastUpgradeCheck = 1500;
				TargetAttributes = {
					5A0001 = {
						CreatedOnToolsVersion = 15.0;
					};
				};
			};
			buildConfigurationList = 6A0001 /* Build configuration list for PBXProject "vans" */;
			compatibilityVersion = "Xcode 14.0";
			developmentRegion = en;
			hasScannedForEncodings = 0;
			knownRegions = (
				en,
				Base,
			);
			mainGroup = 4A0000;
			packageReferences = (
				8A0001 /* XCRemoteSwiftPackageReference "firebase-ios-sdk" */,
				8A0002 /* XCRemoteSwiftPackageReference "GoogleSignIn-iOS" */,
				7483E67BC27751BC33937C0A /* XCRemoteSwiftPackageReference "Kingfisher" */,
			);
			productRefGroup = 4A0099 /* Products */;
			projectDirPath = "";
			projectRoot = "";
			targets = (
				5A0001 /* vans */,
			);
		};
/* End PBXProject section */

/* Begin PBXResourcesBuildPhase section */
		5A0003 /* Resources */ = {
			isa = PBXResourcesBuildPhase;
			buildActionMask = 2147483647;
			files = (
				1A0028 /* Assets.xcassets in Resources */,
				1A0029 /* LaunchScreen.storyboard in Resources */,
				4191BB6B2F2B86B00043335E /* GoogleService-Info.plist in Resources */,
			);
			runOnlyForDeploymentPostprocessing = 0;
		};
/* End PBXResourcesBuildPhase section */

/* Begin PBXSourcesBuildPhase section */
		5A0002 /* Sources */ = {
			isa = PBXSourcesBuildPhase;
			buildActionMask = 2147483647;
			files = (
				1A0001 /* AppDelegate.swift in Sources */,
				1A0002 /* SceneDelegate.swift in Sources */,
				1A0003 /* AppCoordinator.swift in Sources */,
				411A01622F323EFA00A9EDA6 /* AppTheme.swift in Sources */,
				1A0004 /* Coordinator.swift in Sources */,
				1A0005 /* ActionableHostingViewController.swift in Sources */,
				1A0006 /* View+Extensions.swift in Sources */,
				1A0007 /* String+Extensions.swift in Sources */,
				1A0008 /* Array+Extensions.swift in Sources */,
				1A0009 /* APIError.swift in Sources */,
				1A0013 /* ThirdPartyManager.swift in Sources */,
				1A0014 /* AuthManager.swift in Sources */,
				1A0040 /* SignInManager.swift in Sources */,
				412445422F33CBEA00488119 /* BuilderModels.swift in Sources */,
				1A0015 /* UserManager.swift in Sources */,
				1A0016 /* RemoteConfigManager.swift in Sources */,
				1A0017 /* KeychainHelper.swift in Sources */,
				1A0018 /* ForceUpdateManager.swift in Sources */,
				1A0019 /* SplashCoordinator.swift in Sources */,
				1A0020 /* SplashView.swift in Sources */,
				1A0021 /* SplashViewModel.swift in Sources */,
				1A0022 /* SplashModuleBuilder.swift in Sources */,
				1A0041 /* SignInCoordinator.swift in Sources */,
				1A0042 /* SignInView.swift in Sources */,
				1A0043 /* SignInViewModel.swift in Sources */,
				1A0044 /* SignInModuleBuilder.swift in Sources */,
				1A0050 /* TabbarCoordinator.swift in Sources */,
				1A0051 /* GlassTabBarView.swift in Sources */,
				1A0052 /* HomeCoordinator.swift in Sources */,
				1A0053 /* HomeView.swift in Sources */,
				1A0054 /* HomeViewModel.swift in Sources */,
				1A0055 /* HomeModuleBuilder.swift in Sources */,
				1A0056 /* ExploreCoordinator.swift in Sources */,
				1A0057 /* ExploreView.swift in Sources */,
				1A0058 /* ExploreViewModel.swift in Sources */,
				1A0059 /* ExploreModuleBuilder.swift in Sources */,
				1A0060 /* ProfileCoordinator.swift in Sources */,
				1A0061 /* ProfileView.swift in Sources */,
				1A0062 /* ProfileViewModel.swift in Sources */,
				1A0063 /* ProfileModuleBuilder.swift in Sources */,
				1A0023 /* Setup.swift in Sources */,
				1A0024 /* PrimaryButton.swift in Sources */,
				1A0025 /* LoadingView.swift in Sources */,
				1A0026 /* FirebaseManager.swift in Sources */,
				1A0070 /* AccessInfo.swift in Sources */,
				1A0071 /* UserProfile.swift in Sources */,
				1A0072 /* TrustInfo.swift in Sources */,
				1A0080 /* OnboardingCoordinator.swift in Sources */,
				1A0081 /* OnboardingView.swift in Sources */,
				1A0082 /* OnboardingViewModel.swift in Sources */,
				1A0083 /* OnboardingModuleBuilder.swift in Sources */,
				1A0090 /* WaitlistCoordinator.swift in Sources */,
				1A0091 /* WaitlistView.swift in Sources */,
				1A0092 /* WaitlistViewModel.swift in Sources */,
				1A0093 /* WaitlistModuleBuilder.swift in Sources */,
				829CFD7DCFDD8B8B3D48D13A /* InviteCodeCoordinator.swift in Sources */,
				6693AC733BE3D2AF573EFC8E /* InviteCodeView.swift in Sources */,
				F9C940CBA577E6417A0945E8 /* InviteCodeViewModel.swift in Sources */,
				8AA5F3BD4FACDE77C5A607D3 /* InviteCodeModuleBuilder.swift in Sources */,
				0736BF76ADA33BE20A4D9A9D /* WaitlistReviewView.swift in Sources */,
				24CA33E7224EBFC0054CAF59 /* WaitlistReviewViewModel.swift in Sources */,
				A89FB059FFBC4126C4D1A15E /* UserProfileView.swift in Sources */,
				D43C4483E0F9F65FA1E86C72 /* CachedAsyncImage.swift in Sources */,
				FB1BB1CB8888340E7FD44F3A /* UserProfileViewModel.swift in Sources */,
				B1A95CDF017CD31C67C2991B /* ChatModels.swift in Sources */,
				3B09A9A88267D09831AED448 /* ChatListView.swift in Sources */,
				D07A3F7F272604F2E98E4324 /* ChatListViewModel.swift in Sources */,
				10E991095E985D1172E52277 /* ChatView.swift in Sources */,
				B8D228EF267DFC068CE00A60 /* ChatViewModel.swift in Sources */,
				E1A00001 /* EventModels.swift in Sources */,
				E1A00002 /* EventsListView.swift in Sources */,
				E1A00003 /* EventsListViewModel.swift in Sources */,
				E1A00004 /* EventDetailView.swift in Sources */,
				E1A00005 /* EventDetailViewModel.swift in Sources */,
				E1A00006 /* EventsCoordinator.swift in Sources */,
				E1A00007 /* EventsModuleBuilder.swift in Sources */,
				E1A00008 /* CreateEventView.swift in Sources */,
				E1A00009 /* CreateEventViewModel.swift in Sources */,
				E1A00010 /* EventChatView.swift in Sources */,
			);
			runOnlyForDeploymentPostprocessing = 0;
		};
/* End PBXSourcesBuildPhase section */

/* Begin XCBuildConfiguration section */
		6A0010 /* Debug */ = {
			isa = XCBuildConfiguration;
			buildSettings = {
				ALWAYS_SEARCH_USER_PATHS = NO;
				ASSETCATALOG_COMPILER_GENERATE_SWIFT_ASSET_SYMBOL_EXTENSIONS = YES;
				CLANG_ANALYZER_NONNULL = YES;
				CLANG_ANALYZER_NUMBER_OBJECT_CONVERSION = YES_AGGRESSIVE;
				CLANG_CXX_LANGUAGE_STANDARD = "gnu++20";
				CLANG_ENABLE_MODULES = YES;
				CLANG_ENABLE_OBJC_ARC = YES;
				CLANG_ENABLE_OBJC_WEAK = YES;
				CLANG_WARN_BLOCK_CAPTURE_AUTORELEASING = YES;
				CLANG_WARN_BOOL_CONVERSION = YES;
				CLANG_WARN_COMMA = YES;
				CLANG_WARN_CONSTANT_CONVERSION = YES;
				CLANG_WARN_DEPRECATED_OBJC_IMPLEMENTATIONS = YES;
				CLANG_WARN_DIRECT_OBJC_ISA_USAGE = YES_ERROR;
				CLANG_WARN_DOCUMENTATION_COMMENTS = YES;
				CLANG_WARN_EMPTY_BODY = YES;
				CLANG_WARN_ENUM_CONVERSION = YES;
				CLANG_WARN_INFINITE_RECURSION = YES;
				CLANG_WARN_INT_CONVERSION = YES;
				CLANG_WARN_NON_LITERAL_NULL_CONVERSION = YES;
				CLANG_WARN_OBJC_IMPLICIT_RETAIN_SELF = YES;
				CLANG_WARN_OBJC_LITERAL_CONVERSION = YES;
				CLANG_WARN_OBJC_ROOT_CLASS = YES_ERROR;
				CLANG_WARN_QUOTED_INCLUDE_IN_FRAMEWORK_HEADER = YES;
				CLANG_WARN_RANGE_LOOP_ANALYSIS = YES;
				CLANG_WARN_STRICT_PROTOTYPES = YES;
				CLANG_WARN_SUSPICIOUS_MOVE = YES;
				CLANG_WARN_UNGUARDED_AVAILABILITY = YES_AGGRESSIVE;
				CLANG_WARN_UNREACHABLE_CODE = YES;
				CLANG_WARN__DUPLICATE_METHOD_MATCH = YES;
				COPY_PHASE_STRIP = NO;
				DEBUG_INFORMATION_FORMAT = dwarf;
				ENABLE_STRICT_OBJC_MSGSEND = YES;
				ENABLE_TESTABILITY = YES;
				ENABLE_USER_SCRIPT_SANDBOXING = YES;
				GCC_C_LANGUAGE_STANDARD = gnu17;
				GCC_DYNAMIC_NO_PIC = NO;
				GCC_NO_COMMON_BLOCKS = YES;
				GCC_OPTIMIZATION_LEVEL = 0;
				GCC_PREPROCESSOR_DEFINITIONS = (
					"DEBUG=1",
					"$(inherited)",
				);
				GCC_WARN_64_TO_32_BIT_CONVERSION = YES;
				GCC_WARN_ABOUT_RETURN_TYPE = YES_ERROR;
				GCC_WARN_UNDECLARED_SELECTOR = YES;
				GCC_WARN_UNINITIALIZED_AUTOS = YES_AGGRESSIVE;
				GCC_WARN_UNUSED_FUNCTION = YES;
				GCC_WARN_UNUSED_VARIABLE = YES;
				IPHONEOS_DEPLOYMENT_TARGET = 16.0;
				LOCALIZATION_PREFERS_STRING_CATALOGS = YES;
				MTL_ENABLE_DEBUG_INFO = INCLUDE_SOURCE;
				MTL_FAST_MATH = YES;
				ONLY_ACTIVE_ARCH = YES;
				SDKROOT = iphoneos;
				SWIFT_ACTIVE_COMPILATION_CONDITIONS = "DEBUG $(inherited)";
				SWIFT_OPTIMIZATION_LEVEL = "-Onone";
			};
			name = Debug;
		};
		6A0011 /* Release */ = {
			isa = XCBuildConfiguration;
			buildSettings = {
				ALWAYS_SEARCH_USER_PATHS = NO;
				ASSETCATALOG_COMPILER_GENERATE_SWIFT_ASSET_SYMBOL_EXTENSIONS = YES;
				CLANG_ANALYZER_NONNULL = YES;
				CLANG_ANALYZER_NUMBER_OBJECT_CONVERSION = YES_AGGRESSIVE;
				CLANG_CXX_LANGUAGE_STANDARD = "gnu++20";
				CLANG_ENABLE_MODULES = YES;
				CLANG_ENABLE_OBJC_ARC = YES;
				CLANG_ENABLE_OBJC_WEAK = YES;
				CLANG_WARN_BLOCK_CAPTURE_AUTORELEASING = YES;
				CLANG_WARN_BOOL_CONVERSION = YES;
				CLANG_WARN_COMMA = YES;
				CLANG_WARN_CONSTANT_CONVERSION = YES;
				CLANG_WARN_DEPRECATED_OBJC_IMPLEMENTATIONS = YES;
				CLANG_WARN_DIRECT_OBJC_ISA_USAGE = YES_ERROR;
				CLANG_WARN_DOCUMENTATION_COMMENTS = YES;
				CLANG_WARN_EMPTY_BODY = YES;
				CLANG_WARN_ENUM_CONVERSION = YES;
				CLANG_WARN_INFINITE_RECURSION = YES;
				CLANG_WARN_INT_CONVERSION = YES;
				CLANG_WARN_NON_LITERAL_NULL_CONVERSION = YES;
				CLANG_WARN_OBJC_IMPLICIT_RETAIN_SELF = YES;
				CLANG_WARN_OBJC_LITERAL_CONVERSION = YES;
				CLANG_WARN_OBJC_ROOT_CLASS = YES_ERROR;
				CLANG_WARN_QUOTED_INCLUDE_IN_FRAMEWORK_HEADER = YES;
				CLANG_WARN_RANGE_LOOP_ANALYSIS = YES;
				CLANG_WARN_STRICT_PROTOTYPES = YES;
				CLANG_WARN_SUSPICIOUS_MOVE = YES;
				CLANG_WARN_UNGUARDED_AVAILABILITY = YES_AGGRESSIVE;
				CLANG_WARN_UNREACHABLE_CODE = YES;
				CLANG_WARN__DUPLICATE_METHOD_MATCH = YES;
				COPY_PHASE_STRIP = NO;
				DEBUG_INFORMATION_FORMAT = "dwarf-with-dsym";
				ENABLE_NS_ASSERTIONS = NO;
				ENABLE_STRICT_OBJC_MSGSEND = YES;
				ENABLE_USER_SCRIPT_SANDBOXING = YES;
				GCC_C_LANGUAGE_STANDARD = gnu17;
				GCC_NO_COMMON_BLOCKS = YES;
				GCC_WARN_64_TO_32_BIT_CONVERSION = YES;
				GCC_WARN_ABOUT_RETURN_TYPE = YES_ERROR;
				GCC_WARN_UNDECLARED_SELECTOR = YES;
				GCC_WARN_UNINITIALIZED_AUTOS = YES_AGGRESSIVE;
				GCC_WARN_UNUSED_FUNCTION = YES;
				GCC_WARN_UNUSED_VARIABLE = YES;
				IPHONEOS_DEPLOYMENT_TARGET = 16.0;
				LOCALIZATION_PREFERS_STRING_CATALOGS = YES;
				MTL_ENABLE_DEBUG_INFO = NO;
				MTL_FAST_MATH = YES;
				SDKROOT = iphoneos;
				SWIFT_COMPILATION_MODE = wholemodule;
				VALIDATE_PRODUCT = YES;
			};
			name = Release;
		};
		6A0020 /* Debug */ = {
			isa = XCBuildConfiguration;
			buildSettings = {
				ASSETCATALOG_COMPILER_APPICON_NAME = AppIcon;
				ASSETCATALOG_COMPILER_GLOBAL_ACCENT_COLOR_NAME = AccentColor;
				CODE_SIGN_ENTITLEMENTS = vans/vans.entitlements;
				CODE_SIGN_STYLE = Automatic;
				CURRENT_PROJECT_VERSION = 1;
				DEVELOPMENT_TEAM = 2LST5R6GRF;
				GENERATE_INFOPLIST_FILE = YES;
				INFOPLIST_FILE = vans/Info.plist;
				INFOPLIST_KEY_UIApplicationSupportsIndirectInputEvents = YES;
				INFOPLIST_KEY_UILaunchStoryboardName = LaunchScreen;
				INFOPLIST_KEY_UIRequiredDeviceCapabilities = armv7;
				INFOPLIST_KEY_UISupportedInterfaceOrientations = UIInterfaceOrientationPortrait;
				LD_RUNPATH_SEARCH_PATHS = (
					"$(inherited)",
					"@executable_path/Frameworks",
				);
				MARKETING_VERSION = 1.0.0;
				PRODUCT_BUNDLE_IDENTIFIER = com.abtc.vans;
				PRODUCT_NAME = "$(TARGET_NAME)";
				SWIFT_EMIT_LOC_STRINGS = YES;
				SWIFT_VERSION = 5.0;
				TARGETED_DEVICE_FAMILY = "1,2";
			};
			name = Debug;
		};
		6A0021 /* Release */ = {
			isa = XCBuildConfiguration;
			buildSettings = {
				ASSETCATALOG_COMPILER_APPICON_NAME = AppIcon;
				ASSETCATALOG_COMPILER_GLOBAL_ACCENT_COLOR_NAME = AccentColor;
				CODE_SIGN_ENTITLEMENTS = vans/vans.entitlements;
				CODE_SIGN_STYLE = Automatic;
				CURRENT_PROJECT_VERSION = 1;
				DEVELOPMENT_TEAM = 2LST5R6GRF;
				GENERATE_INFOPLIST_FILE = YES;
				INFOPLIST_FILE = vans/Info.plist;
				INFOPLIST_KEY_UIApplicationSupportsIndirectInputEvents = YES;
				INFOPLIST_KEY_UILaunchStoryboardName = LaunchScreen;
				INFOPLIST_KEY_UIRequiredDeviceCapabilities = armv7;
				INFOPLIST_KEY_UISupportedInterfaceOrientations = UIInterfaceOrientationPortrait;
				LD_RUNPATH_SEARCH_PATHS = (
					"$(inherited)",
					"@executable_path/Frameworks",
				);
				MARKETING_VERSION = 1.0.0;
				PRODUCT_BUNDLE_IDENTIFIER = com.abtc.vans;
				PRODUCT_NAME = "$(TARGET_NAME)";
				SWIFT_EMIT_LOC_STRINGS = YES;
				SWIFT_VERSION = 5.0;
				TARGETED_DEVICE_FAMILY = "1,2";
			};
			name = Release;
		};
/* End XCBuildConfiguration section */

/* Begin XCConfigurationList section */
		6A0001 /* Build configuration list for PBXProject "vans" */ = {
			isa = XCConfigurationList;
			buildConfigurations = (
				6A0010 /* Debug */,
				6A0011 /* Release */,
			);
			defaultConfigurationIsVisible = 0;
			defaultConfigurationName = Release;
		};
		6A0003 /* Build configuration list for PBXNativeTarget "vans" */ = {
			isa = XCConfigurationList;
			buildConfigurations = (
				6A0020 /* Debug */,
				6A0021 /* Release */,
			);
			defaultConfigurationIsVisible = 0;
			defaultConfigurationName = Release;
		};
/* End XCConfigurationList section */

/* Begin XCRemoteSwiftPackageReference section */
		7483E67BC27751BC33937C0A /* XCRemoteSwiftPackageReference "Kingfisher" */ = {
			isa = XCRemoteSwiftPackageReference;
			repositoryURL = "https://github.com/onevcat/Kingfisher.git";
			requirement = {
				kind = upToNextMajorVersion;
				minimumVersion = 8.0.0;
			};
		};
		8A0001 /* XCRemoteSwiftPackageReference "firebase-ios-sdk" */ = {
			isa = XCRemoteSwiftPackageReference;
			repositoryURL = "https://github.com/firebase/firebase-ios-sdk";
			requirement = {
				kind = upToNextMajorVersion;
				minimumVersion = 10.0.0;
			};
		};
		8A0002 /* XCRemoteSwiftPackageReference "GoogleSignIn-iOS" */ = {
			isa = XCRemoteSwiftPackageReference;
			repositoryURL = "https://github.com/google/GoogleSignIn-iOS";
			requirement = {
				kind = upToNextMajorVersion;
				minimumVersion = 7.0.0;
			};
		};
/* End XCRemoteSwiftPackageReference section */

/* Begin XCSwiftPackageProductDependency section */
		7A0001 /* FirebaseAuth */ = {
			isa = XCSwiftPackageProductDependency;
			package = 8A0001 /* XCRemoteSwiftPackageReference "firebase-ios-sdk" */;
			productName = FirebaseAuth;
		};
		7A0002 /* FirebaseFirestore */ = {
			isa = XCSwiftPackageProductDependency;
			package = 8A0001 /* XCRemoteSwiftPackageReference "firebase-ios-sdk" */;
			productName = FirebaseFirestore;
		};
		7A0003 /* FirebaseFunctions */ = {
			isa = XCSwiftPackageProductDependency;
			package = 8A0001 /* XCRemoteSwiftPackageReference "firebase-ios-sdk" */;
			productName = FirebaseFunctions;
		};
		7A0004 /* FirebaseRemoteConfig */ = {
			isa = XCSwiftPackageProductDependency;
			package = 8A0001 /* XCRemoteSwiftPackageReference "firebase-ios-sdk" */;
			productName = FirebaseRemoteConfig;
		};
		7A0005 /* FirebaseAnalytics */ = {
			isa = XCSwiftPackageProductDependency;
			package = 8A0001 /* XCRemoteSwiftPackageReference "firebase-ios-sdk" */;
			productName = FirebaseAnalytics;
		};
		7A0006 /* GoogleSignIn */ = {
			isa = XCSwiftPackageProductDependency;
			package = 8A0002 /* XCRemoteSwiftPackageReference "GoogleSignIn-iOS" */;
			productName = GoogleSignIn;
		};
		7A0007 /* GoogleSignInSwift */ = {
			isa = XCSwiftPackageProductDependency;
			package = 8A0002 /* XCRemoteSwiftPackageReference "GoogleSignIn-iOS" */;
			productName = GoogleSignInSwift;
		};
		99496712EC816571A558DC47 /* Kingfisher */ = {
			isa = XCSwiftPackageProductDependency;
			package = 7483E67BC27751BC33937C0A /* XCRemoteSwiftPackageReference "Kingfisher" */;
			productName = Kingfisher;
		};
/* End XCSwiftPackageProductDependency section */
	};
	rootObject = 4A0100 /* Project object */;
}
